
Microsoft Visual Studio Solution File, Format Version 12.00
# Visual Studio Version 16
VisualStudioVersion = 16.0.29806.167
MinimumVisualStudioVersion = 10.0.40219.1
Project("{FAE04EC0-301F-11D3-BF4B-00C04F79EFBC}") = "Compi2_Practica1", "Compi2_Practica1\Compi2_Practica1.csproj", "{ACA2206F-9883-4849-9F9A-F5F4B1642D43}"
EndProject
Global
	GlobalSection(SolutionConfigurationPlatforms) = preSolution
		Debug|Any CPU = Debug|Any CPU
		Release|Any CPU = Release|Any CPU
	EndGlobalSection
	GlobalSection(ProjectConfigurationPlatforms) = postSolution
		{ACA2206F-9883-4849-9F9A-F5F4B1642D43}.Debug|Any CPU.ActiveCfg = Debug|Any CPU
		{ACA2206F-9883-4849-9F9A-F5F4B1642D43}.Debug|Any CPU.Build.0 = Debug|Any CPU
		{ACA2206F-9883-4849-9F9A-F5F4B1642D43}.Release|Any CPU.ActiveCfg = Release|Any CPU
		{ACA2206F-9883-4849-9F9A-F5F4B1642D43}.Release|Any CPU.Build.0 = Release|Any CPU
	EndGlobalSection
	GlobalSection(SolutionProperties) = preSolution
		HideSolutionNode = FALSE
	EndGlobalSection
	GlobalSection(ExtensibilityGlobals) = postSolution
		SolutionGuid = {53398B56-10A8-4232-AC69-F10CB11F02D9}
	EndGlobalSection
EndGlobal
